
Microsoft Visual Studio Solution File, Format Version 12.00
# Visual Studio Version 17
VisualStudioVersion = 17.4.33213.308
MinimumVisualStudioVersion = 10.0.40219.1
Project("{FAE04EC0-301F-11D3-BF4B-00C04F79EFBC}") = "TheFizzses", "TheFizzses\TheFizzses.csproj", "{33C62716-2884-4EBC-B2FC-CEABBD9C5D5F}"
EndProject
Global
	GlobalSection(SolutionConfigurationPlatforms) = preSolution
		Debug|Any CPU = Debug|Any CPU
		Release|Any CPU = Release|Any CPU
	EndGlobalSection
	GlobalSection(ProjectConfigurationPlatforms) = postSolution
		{33C62716-2884-4EBC-B2FC-CEABBD9C5D5F}.Debug|Any CPU.ActiveCfg = Debug|Any CPU
		{33C62716-2884-4EBC-B2FC-CEABBD9C5D5F}.Debug|Any CPU.Build.0 = Debug|Any CPU
		{33C62716-2884-4EBC-B2FC-CEABBD9C5D5F}.Release|Any CPU.ActiveCfg = Release|Any CPU
		{33C62716-2884-4EBC-B2FC-CEABBD9C5D5F}.Release|Any CPU.Build.0 = Release|Any CPU
	EndGlobalSection
	GlobalSection(SolutionProperties) = preSolution
		HideSolutionNode = FALSE
	EndGlobalSection
	GlobalSection(ExtensibilityGlobals) = postSolution
		SolutionGuid = {2D4E6A53-1C29-4D4F-A6ED-9A500576D4B4}
	EndGlobalSection
EndGlobal
